	<Project xmlns="http://schemas.microsoft.com/developer/msbuild/2003">
		<PropertyGroup>
			<ProjectGuid>{EAB7E737-287F-411F-9AA4-C136AB7D313F}</ProjectGuid>
			<MainSource>DwsIdeDialogDemo.dpr</MainSource>
			<Base>True</Base>
			<Config Condition="'$(Config)'==''">Debug</Config>
			<AppType>Application</AppType>
			<FrameworkType>VCL</FrameworkType>
			<DCC_DCCCompiler>DCC32</DCC_DCCCompiler>
			<ProjectVersion>14.3</ProjectVersion>
			<Platform Condition="'$(Platform)'==''">Win32</Platform>
			<TargetedPlatforms>1</TargetedPlatforms>
		</PropertyGroup>
		<PropertyGroup Condition="'$(Config)'=='Base' or '$(Base)'!=''">
			<Base>true</Base>
		</PropertyGroup>
		<PropertyGroup Condition="('$(Platform)'=='Win64' and '$(Base)'=='true') or '$(Base_Win64)'!=''">
			<Base_Win64>true</Base_Win64>
			<CfgParent>Base</CfgParent>
			<Base>true</Base>
		</PropertyGroup>
		<PropertyGroup Condition="('$(Platform)'=='Win32' and '$(Base)'=='true') or '$(Base_Win32)'!=''">
			<Base_Win32>true</Base_Win32>
			<CfgParent>Base</CfgParent>
			<Base>true</Base>
		</PropertyGroup>
		<PropertyGroup Condition="'$(Config)'=='Release' or '$(Cfg_1)'!=''">
			<Cfg_1>true</Cfg_1>
			<CfgParent>Base</CfgParent>
			<Base>true</Base>
		</PropertyGroup>
		<PropertyGroup Condition="('$(Platform)'=='Win32' and '$(Cfg_1)'=='true') or '$(Cfg_1_Win32)'!=''">
			<Cfg_1_Win32>true</Cfg_1_Win32>
			<CfgParent>Cfg_1</CfgParent>
			<Cfg_1>true</Cfg_1>
			<Base>true</Base>
		</PropertyGroup>
		<PropertyGroup Condition="'$(Config)'=='Debug' or '$(Cfg_2)'!=''">
			<Cfg_2>true</Cfg_2>
			<CfgParent>Base</CfgParent>
			<Base>true</Base>
		</PropertyGroup>
		<PropertyGroup Condition="('$(Platform)'=='Win32' and '$(Cfg_2)'=='true') or '$(Cfg_2_Win32)'!=''">
			<Cfg_2_Win32>true</Cfg_2_Win32>
			<CfgParent>Cfg_2</CfgParent>
			<Cfg_2>true</Cfg_2>
			<Base>true</Base>
		</PropertyGroup>
		<PropertyGroup Condition="'$(Base)'!=''">
			<Icon_MainIcon>DwsIdeDemo_Icon.ico</Icon_MainIcon>
			<VerInfo_IncludeVerInfo>true</VerInfo_IncludeVerInfo>
			<DCC_UnitSearchPath>..\..\..\Source;..\..\..\source\SourceUtils;..\..\..\Libraries\Indy;$(DCC_UnitSearchPath)</DCC_UnitSearchPath>
			<Manifest_File>None</Manifest_File>
			<VerInfo_Locale>1033</VerInfo_Locale>
			<VerInfo_Keys>CompanyName=;FileDescription=;FileVersion=1.0.0.0;InternalName=;LegalCopyright=;LegalTrademarks=;OriginalFilename=;ProductName=;ProductVersion=1.0.0.0;Comments=</VerInfo_Keys>
			<DCC_Namespace>Vcl;Vcl.Imaging;Vcl.Touch;Vcl.Samples;Vcl.Shell;System;Xml;Data;Datasnap;Web;Soap;Winapi;System.Win;$(DCC_Namespace)</DCC_Namespace>
			<DCC_DcuOutput>$(temp)</DCC_DcuOutput>
			<DCC_ExeOutput>..\Bin</DCC_ExeOutput>
			<DCC_E>false</DCC_E>
			<DCC_ImageBase>00400000</DCC_ImageBase>
			<DCC_F>false</DCC_F>
			<DCC_S>false</DCC_S>
			<DCC_N>false</DCC_N>
			<DCC_K>false</DCC_K>
		</PropertyGroup>
		<PropertyGroup Condition="'$(Base_Win64)'!=''">
			<Icon_MainIcon>DwsIdeDialogDemo_Icon.ico</Icon_MainIcon>
			<Manifest_File>$(BDS)\bin\default_app.manifest</Manifest_File>
		</PropertyGroup>
		<PropertyGroup Condition="'$(Base_Win32)'!=''">
			<DCC_Namespace>Data.Win;Datasnap.Win;Web.Win;Soap.Win;Xml.Win;Bde;$(DCC_Namespace)</DCC_Namespace>
			<Manifest_File>$(BDS)\bin\default_app.manifest</Manifest_File>
		</PropertyGroup>
		<PropertyGroup Condition="'$(Cfg_1)'!=''">
			<DCC_LocalDebugSymbols>false</DCC_LocalDebugSymbols>
			<DCC_Define>RELEASE;$(DCC_Define)</DCC_Define>
			<DCC_SymbolReferenceInfo>0</DCC_SymbolReferenceInfo>
			<DCC_DebugInformation>false</DCC_DebugInformation>
		</PropertyGroup>
		<PropertyGroup Condition="'$(Cfg_1_Win32)'!=''">
			<Manifest_File>$(BDS)\bin\default_app.manifest</Manifest_File>
		</PropertyGroup>
		<PropertyGroup Condition="'$(Cfg_2)'!=''">
			<DCC_Define>DEBUG;$(DCC_Define)</DCC_Define>
			<DCC_Optimize>false</DCC_Optimize>
			<DCC_GenerateStackFrames>true</DCC_GenerateStackFrames>
		</PropertyGroup>
		<PropertyGroup Condition="'$(Cfg_2_Win32)'!=''">
			<Manifest_File>$(BDS)\bin\default_app.manifest</Manifest_File>
		</PropertyGroup>
		<ItemGroup>
			<DelphiCompile Include="$(MainSource)">
				<MainSource>MainSource</MainSource>
			</DelphiCompile>
			<DCCReference Include="..\Source\UDwsIdeConfig.pas"/>
			<DCCReference Include="..\Source\UDwsIdeForm.pas">
				<Form>DwsIdeForm</Form>
			</DCCReference>
			<DCCReference Include="UDwsIdeDemoForm.pas">
				<Form>DwsIdeDemoForm</Form>
			</DCCReference>
			<DCCReference Include="..\Source\UDwsIdeLocalVariablesFrame.pas">
				<Form>DwsIdeLocalVariablesFrame</Form>
				<DesignClass>TFrame</DesignClass>
			</DCCReference>
			<DCCReference Include="..\Source\UDwsIdeWatchesFrame.pas">
				<Form>DwsIdeWatchesFrame</Form>
				<DesignClass>TFrame</DesignClass>
			</DCCReference>
			<DCCReference Include="..\Source\UDwsIdeDefs.pas"/>
			<DCCReference Include="..\Source\UDwsIdeCallStackFrame.pas">
				<Form>DwsIdeCallStackFrame</Form>
				<DesignClass>TFrame</DesignClass>
			</DCCReference>
			<DCCReference Include="..\Source\UDwsIdeGotoLine.pas">
				<Form>DwsIdeGotoLineNumber</Form>
				<FormType>dfm</FormType>
			</DCCReference>
			<DCCReference Include="..\..\..\Source\SynEdit\SynHighlighterDWS.pas"/>
			<BuildConfiguration Include="Debug">
				<Key>Cfg_2</Key>
				<CfgParent>Base</CfgParent>
			</BuildConfiguration>
			<BuildConfiguration Include="Base">
				<Key>Base</Key>
			</BuildConfiguration>
			<BuildConfiguration Include="Release">
				<Key>Cfg_1</Key>
				<CfgParent>Base</CfgParent>
			</BuildConfiguration>
		</ItemGroup>
		<Import Condition="Exists('$(BDS)\Bin\CodeGear.Delphi.Targets')" Project="$(BDS)\Bin\CodeGear.Delphi.Targets"/>
		<Import Condition="Exists('$(APPDATA)\Embarcadero\$(BDSAPPDATABASEDIR)\$(PRODUCTVERSION)\UserTools.proj')" Project="$(APPDATA)\Embarcadero\$(BDSAPPDATABASEDIR)\$(PRODUCTVERSION)\UserTools.proj"/>
		<ProjectExtensions>
			<Borland.Personality>Delphi.Personality.12</Borland.Personality>
			<Borland.ProjectType>VCLApplication</Borland.ProjectType>
			<BorlandProject>
				<Delphi.Personality>
					<Source>
						<Source Name="MainSource">DwsIdeDialogDemo.dpr</Source>
					</Source>
					<VersionInfo>
						<VersionInfo Name="IncludeVerInfo">False</VersionInfo>
						<VersionInfo Name="AutoIncBuild">False</VersionInfo>
						<VersionInfo Name="MajorVer">1</VersionInfo>
						<VersionInfo Name="MinorVer">0</VersionInfo>
						<VersionInfo Name="Release">0</VersionInfo>
						<VersionInfo Name="Build">0</VersionInfo>
						<VersionInfo Name="Debug">False</VersionInfo>
						<VersionInfo Name="PreRelease">False</VersionInfo>
						<VersionInfo Name="Special">False</VersionInfo>
						<VersionInfo Name="Private">False</VersionInfo>
						<VersionInfo Name="DLL">False</VersionInfo>
						<VersionInfo Name="Locale">2057</VersionInfo>
						<VersionInfo Name="CodePage">1252</VersionInfo>
					</VersionInfo>
					<VersionInfoKeys>
						<VersionInfoKeys Name="CompanyName"/>
						<VersionInfoKeys Name="FileDescription"/>
						<VersionInfoKeys Name="FileVersion">1.0.0.0</VersionInfoKeys>
						<VersionInfoKeys Name="InternalName"/>
						<VersionInfoKeys Name="LegalCopyright"/>
						<VersionInfoKeys Name="LegalTrademarks"/>
						<VersionInfoKeys Name="OriginalFilename"/>
						<VersionInfoKeys Name="ProductName"/>
						<VersionInfoKeys Name="ProductVersion">1.0.0.0</VersionInfoKeys>
						<VersionInfoKeys Name="Comments"/>
					</VersionInfoKeys>
					<Excluded_Packages>
						<Excluded_Packages Name="C:\Program Files (x86)\Developer Express.VCL\Library\RS16\dxBarRS16.bpl">ExpressBars by Developer Express Inc.</Excluded_Packages>
						<Excluded_Packages Name="C:\Program Files (x86)\Developer Express.VCL\Library\RS16\dxComnRS16.bpl">ExpressCommonLibrary by Developer Express Inc.</Excluded_Packages>
						<Excluded_Packages Name="C:\Program Files (x86)\Developer Express.VCL\Library\RS16\dxNavBarRS16.bpl">ExpressNavBar by Developer Express Inc.</Excluded_Packages>
						<Excluded_Packages Name="C:\Program Files (x86)\Developer Express.VCL\Library\RS16\dxLayoutControlRS16.bpl">ExpressLayout Control by Developer Express Inc.</Excluded_Packages>
						<Excluded_Packages Name="C:\Program Files (x86)\Developer Express.VCL\Library\RS16\dxdbtrRS16.bpl">ExpressDBTree by Developer Express Inc.</Excluded_Packages>
						<Excluded_Packages Name="C:\Program Files (x86)\Developer Express.VCL\Library\RS16\dxBarExtItemsRS16.bpl">ExpressBars extended items by Developer Express Inc.</Excluded_Packages>
						<Excluded_Packages Name="C:\Program Files (x86)\Developer Express.VCL\Library\RS16\dxdborRS16.bpl">ExpressDBOrgChart by Developer Express Inc.</Excluded_Packages>
						<Excluded_Packages Name="C:\Users\Public\Documents\RAD Studio\9.0\Bpl\VirtualShellToolsD16D.bpl">Virtual Shell Tools Designtime Package</Excluded_Packages>
						<Excluded_Packages Name="C:\Users\Public\Documents\RAD Studio\9.0\Bpl\VppmDesignTime_RSXE2.bpl">VST Plug-in Preset Match (design time)</Excluded_Packages>
						<Excluded_Packages Name="C:\Users\Public\Documents\RAD Studio\9.0\Bpl\GLSS_BASSXE2.bpl">GLScene - BASS Manager</Excluded_Packages>
						<Excluded_Packages Name="C:\Users\Public\Documents\RAD Studio\9.0\Bpl\GLSS_OpenALXE2.bpl">GLScene - OpenAL Manager</Excluded_Packages>
						<Excluded_Packages Name="C:\Program Files (x86)\RemObjects Software\RemObjects SDK for Delphi\Dcu\D16\win32\RemObjects_IDE_D16.bpl">RemObjects SDK - IDE Integration for Win32</Excluded_Packages>
						<Excluded_Packages Name="C:\Program Files (x86)\RemObjects Software\RemObjects SDK for Delphi\Dcu\D16\win32\RemObjects_WebBroker_D16.bpl">RemObjects SDK - WebBroker Library</Excluded_Packages>
						<Excluded_Packages Name="C:\Program Files (x86)\RemObjects Software\RemObjects SDK for Delphi\Dcu\D16\win32\RemObjects_Indy_D16.bpl">RemObjects SDK - Indy Library</Excluded_Packages>
						<Excluded_Packages Name="C:\Windows\system32\OpenWireLabPkgD16.bpl">OpenWire DemoLab demonstration package</Excluded_Packages>
						<Excluded_Packages Name="C:\Users\Public\Documents\RAD Studio\9.0\Bpl\customcontrol.bpl">Custom Control</Excluded_Packages>
						<Excluded_Packages Name="C:\Users\Public\Documents\RAD Studio\9.0\Bpl\iOSComps.bpl">Components for iOS</Excluded_Packages>
						<Excluded_Packages Name="$(BDSBIN)\dcloffice2k160.bpl">Microsoft Office 2000 Beispiele für gekapselte Komponenten für Automatisierungsserver</Excluded_Packages>
						<Excluded_Packages Name="$(BDSBIN)\dclofficexp160.bpl">Microsoft Office XP Beispiele für gekapselte Komponenten für Automation Server</Excluded_Packages>
						<Excluded_Packages Name="C:\Program Files (x86)\Developer Express.VCL\Library\RS16\dclcxPivotGridOLAPRS16.bpl">ExpressPivotGrid 2 OLAP by Developer Express Inc.</Excluded_Packages>
					</Excluded_Packages>
				</Delphi.Personality>
				<Platforms>
					<Platform value="Win64">False</Platform>
					<Platform value="Win32">True</Platform>
				</Platforms>
			</BorlandProject>
			<ProjectFileVersion>12</ProjectFileVersion>
		</ProjectExtensions>
	</Project>
